// !$*UTF8*$!
{
	archiveVersion = 1;
	classes = {
	};
	objectVersion = 46;
	objects = {

/* Begin PBXBuildFile section */
		115CC5E51F3CE80800C3CF03 /* main.m in Sources */ = {isa = PBXBuildFile; fileRef = 115CC5E41F3CE80800C3CF03 /* main.m */; };
		115CC5E81F3CE80800C3CF03 /* AppDelegate.m in Sources */ = {isa = PBXBuildFile; fileRef = 115CC5E71F3CE80800C3CF03 /* AppDelegate.m */; };
		115CC5EB1F3CE80800C3CF03 /* ViewController.m in Sources */ = {isa = PBXBuildFile; fileRef = 115CC5EA1F3CE80800C3CF03 /* ViewController.m */; };
		115CC5EE1F3CE80800C3CF03 /* Main.storyboard in Resources */ = {isa = PBXBuildFile; fileRef = 115CC5EC1F3CE80800C3CF03 /* Main.storyboard */; };
		115CC5F01F3CE80800C3CF03 /* Assets.xcassets in Resources */ = {isa = PBXBuildFile; fileRef = 115CC5EF1F3CE80800C3CF03 /* Assets.xcassets */; };
		115CC5F31F3CE80800C3CF03 /* LaunchScreen.storyboard in Resources */ = {isa = PBXBuildFile; fileRef = 115CC5F11F3CE80800C3CF03 /* LaunchScreen.storyboard */; };
/* End PBXBuildFile section */

/* Begin PBXFileReference section */
		115CC5E01F3CE80800C3CF03 /* WavyCollectionViewLayout.app */ = {isa = PBXFileReference; explicitFileType = wrapper.application; includeInIndex = 0; path = WavyCollectionViewLayout.app; sourceTree = BUILT_PRODUCTS_DIR; };
		115CC5E41F3CE80800C3CF03 /* main.m */ = {isa = PBXFileReference; lastKnownFileType = sourcecode.c.objc; path = main.m; sourceTree = "<group>"; };
		115CC5E61F3CE80800C3CF03 /* AppDelegate.h */ = {isa = PBXFileReference; lastKnownFileType = sourcecode.c.h; path = AppDelegate.h; sourceTree = "<group>"; };
		115CC5E71F3CE80800C3CF03 /* AppDelegate.m */ = {isa = PBXFileReference; lastKnownFileType = sourcecode.c.objc; path = AppDelegate.m; sourceTree = "<group>"; };
		115CC5E91F3CE80800C3CF03 /* ViewController.h */ = {isa = PBXFileReference; lastKnownFileType = sourcecode.c.h; path = ViewController.h; sourceTree = "<group>"; };
		115CC5EA1F3CE80800C3CF03 /* ViewController.m */ = {isa = PBXFileReference; lastKnownFileType = sourcecode.c.objc; path = ViewController.m; sourceTree = "<group>"; };
		115CC5ED1F3CE80800C3CF03 /* Base */ = {isa = PBXFileReference; lastKnownFileType = file.storyboard; name = Base; path = Base.lproj/Main.storyboard; sourceTree = "<group>"; };
		115CC5EF1F3CE80800C3CF03 /* Assets.xcassets */ = {isa = PBXFileReference; lastKnownFileType = folder.assetcatalog; path = Assets.xcassets; sourceTree = "<group>"; };
		115CC5F21F3CE80800C3CF03 /* Base */ = {isa = PBXFileReference; lastKnownFileType = file.storyboard; name = Base; path = Base.lproj/LaunchScreen.storyboard; sourceTree = "<group>"; };
		115CC5F41F3CE80800C3CF03 /* Info.plist */ = {isa = PBXFileReference; lastKnownFileType = text.plist.xml; path = Info.plist; sourceTree = "<group>"; };
/* End PBXFileReference section */

/* Begin PBXFrameworksBuildPhase section */
		115CC5DD1F3CE80800C3CF03 /* Frameworks */ = {
			isa = PBXFrameworksBuildPhase;
			buildActionMask = 2147483647;
			files = (
			);
			runOnlyForDeploymentPostprocessing = 0;
		};
/* End PBXFrameworksBuildPhase section */

/* Begin PBXGroup section */
		115CC5D71F3CE80800C3CF03 = {
			isa = PBXGroup;
			children = (
				115CC5E21F3CE80800C3CF03 /* WavyCollectionViewLayout */,
				115CC5E11F3CE80800C3CF03 /* Products */,
			);
			sourceTree = "<group>";
		};
		115CC5E11F3CE80800C3CF03 /* Products */ = {
			isa = PBXGroup;
			children = (
				115CC5E01F3CE80800C3CF03 /* WavyCollectionViewLayout.app */,
			);
			name = Products;
			sourceTree = "<group>";
		};
		115CC5E21F3CE80800C3CF03 /* WavyCollectionViewLayout */ = {
			isa = PBXGroup;
			children = (
				115CC5E61F3CE80800C3CF03 /* AppDelegate.h */,
				115CC5E71F3CE80800C3CF03 /* AppDelegate.m */,
				115CC5E91F3CE80800C3CF03 /* ViewController.h */,
				115CC5EA1F3CE80800C3CF03 /* ViewController.m */,
				115CC5EC1F3CE80800C3CF03 /* Main.storyboard */,
				115CC5EF1F3CE80800C3CF03 /* Assets.xcassets */,
				115CC5F11F3CE80800C3CF03 /* LaunchScreen.storyboard */,
				115CC5F41F3CE80800C3CF03 /* Info.plist */,
				115CC5E31F3CE80800C3CF03 /* Supporting Files */,
			);
			path = WavyCollectionViewLayout;
			sourceTree = "<group>";
		};
		115CC5E31F3CE80800C3CF03 /* Supporting Files */ = {
			isa = PBXGroup;
			children = (
				115CC5E41F3CE80800C3CF03 /* main.m */,
			);
			name = "Supporting Files";
			sourceTree = "<group>";
		};
/* End PBXGroup section */

/* Begin PBXNativeTarget section */
		115CC5DF1F3CE80800C3CF03 /* WavyCollectionViewLayout */ = {
			isa = PBXNativeTarget;
			buildConfigurationList = 115CC5F71F3CE80800C3CF03 /* Build configuration list for PBXNativeTarget "WavyCollectionViewLayout" */;
			buildPhases = (
				115CC5DC1F3CE80800C3CF03 /* Sources */,
				115CC5DD1F3CE80800C3CF03 /* Frameworks */,
				115CC5DE1F3CE80800C3CF03 /* Resources */,
			);
			buildRules = (
			);
			dependencies = (
			);
			name = WavyCollectionViewLayout;
			productName = WavyCollectionViewLayout;
			productReference = 115CC5E01F3CE80800C3CF03 /* WavyCollectionViewLayout.app */;
			productType = "com.apple.product-type.application";
		};
/* End PBXNativeTarget section */

/* Begin PBXProject section */
		115CC5D81F3CE80800C3CF03 /* Project object */ = {
			isa = PBXProject;
			attributes = {
				LastUpgradeCheck = 0820;
				ORGANIZATIONNAME = "Mohammad Shahzaib Ather";
				TargetAttributes = {
					115CC5DF1F3CE80800C3CF03 = {
						CreatedOnToolsVersion = 8.2.1;
						ProvisioningStyle = Automatic;
					};
				};
			};
			buildConfigurationList = 115CC5DB1F3CE80800C3CF03 /* Build configuration list for PBXProject "WavyCollectionViewLayout" */;
			compatibilityVersion = "Xcode 3.2";
			developmentRegion = English;
			hasScannedForEncodings = 0;
			knownRegions = (
				en,
				Base,
			);
			mainGroup = 115CC5D71F3CE80800C3CF03;
			productRefGroup = 115CC5E11F3CE80800C3CF03 /* Products */;
			projectDirPath = "";
			projectRoot = "";
			targets = (
				115CC5DF1F3CE80800C3CF03 /* WavyCollectionViewLayout */,
			);
		};
/* End PBXProject section */

/* Begin PBXResourcesBuildPhase section */
		115CC5DE1F3CE80800C3CF03 /* Resources */ = {
			isa = PBXResourcesBuildPhase;
			buildActionMask = 2147483647;
			files = (
				115CC5F31F3CE80800C3CF03 /* LaunchScreen.storyboard in Resources */,
				115CC5F01F3CE80800C3CF03 /* Assets.xcassets in Resources */,
				115CC5EE1F3CE80800C3CF03 /* Main.storyboard in Resources */,
			);
			runOnlyForDeploymentPostprocessing = 0;
		};
/* End PBXResourcesBuildPhase section */

/* Begin PBXSourcesBuildPhase section */
		115CC5DC1F3CE80800C3CF03 /* Sources */ = {
			isa = PBXSourcesBuildPhase;
			buildActionMask = 2147483647;
			files = (
				115CC5EB1F3CE80800C3CF03 /* ViewController.m in Sources */,
				115CC5E81F3CE80800C3CF03 /* AppDelegate.m in Sources */,
				115CC5E51F3CE80800C3CF03 /* main.m in Sources */,
			);
			runOnlyForDeploymentPostprocessing = 0;
		};
/* End PBXSourcesBuildPhase section */

/* Begin PBXVariantGroup section */
		115CC5EC1F3CE80800C3CF03 /* Main.storyboard */ = {
			isa = PBXVariantGroup;
			children = (
				115CC5ED1F3CE80800C3CF03 /* Base */,
			);
			name = Main.storyboard;
			sourceTree = "<group>";
		};
		115CC5F11F3CE80800C3CF03 /* LaunchScreen.storyboard */ = {
			isa = PBXVariantGroup;
			children = (
				115CC5F21F3CE80800C3CF03 /* Base */,
			);
			name = LaunchScreen.storyboard;
			sourceTree = "<group>";
		};
/* End PBXVariantGroup section */

/* Begin XCBuildConfiguration section */
		115CC5F51F3CE80800C3CF03 /* Debug */ = {
			isa = XCBuildConfiguration;
			buildSettings = {
				ALWAYS_SEARCH_USER_PATHS = NO;
				CLANG_ANALYZER_NONNULL = YES;
				CLANG_CXX_LANGUAGE_STANDARD = "gnu++0x";
				CLANG_CXX_LIBRARY = "libc++";
				CLANG_ENABLE_MODULES = YES;
				CLANG_ENABLE_OBJC_ARC = YES;
				CLANG_WARN_BOOL_CONVERSION = YES;
				CLANG_WARN_CONSTANT_CONVERSION = YES;
				CLANG_WARN_DIRECT_OBJC_ISA_USAGE = YES_ERROR;
				CLANG_WARN_DOCUMENTATION_COMMENTS = YES;
				CLANG_WARN_EMPTY_BODY = YES;
				CLANG_WARN_ENUM_CONVERSION = YES;
				CLANG_WARN_INFINITE_RECURSION = YES;
				CLANG_WARN_INT_CONVERSION = YES;
				CLANG_WARN_OBJC_ROOT_CLASS = YES_ERROR;
				CLANG_WARN_SUSPICIOUS_MOVE = YES;
				CLANG_WARN_UNREACHABLE_CODE = YES;
				CLANG_WARN__DUPLICATE_METHOD_MATCH = YES;
				"CODE_SIGN_IDENTITY[sdk=iphoneos*]" = "iPhone Developer";
				COPY_PHASE_STRIP = NO;
				DEBUG_INFORMATION_FORMAT = dwarf;
				ENABLE_STRICT_OBJC_MSGSEND = YES;
				ENABLE_TESTABILITY = YES;
				GCC_C_LANGUAGE_STANDARD = gnu99;
				GCC_DYNAMIC_NO_PIC = NO;
				GCC_NO_COMMON_BLOCKS = YES;
				GCC_OPTIMIZATION_LEVEL = 0;
				GCC_PREPROCESSOR_DEFINITIONS = (
					"DEBUG=1",
					"$(inherited)",
				);
				GCC_WARN_64_TO_32_BIT_CONVERSION = YES;
				GCC_WARN_ABOUT_RETURN_TYPE = YES_ERROR;
				GCC_WARN_UNDECLARED_SELECTOR = YES;
				GCC_WARN_UNINITIALIZED_AUTOS = YES_AGGRESSIVE;
				GCC_WARN_UNUSED_FUNCTION = YES;
				GCC_WARN_UNUSED_VARIABLE = YES;
				IPHONEOS_DEPLOYMENT_TARGET = 10.2;
				MTL_ENABLE_DEBUG_INFO = YES;
				ONLY_ACTIVE_ARCH = YES;
				SDKROOT = iphoneos;
				TARGETED_DEVICE_FAMILY = 2;
			};
			name = Debug;
		};
		115CC5F61F3CE80800C3CF03 /* Release */ = {
			isa = XCBuildConfiguration;
			buildSettings = {
				ALWAYS_SEARCH_USER_PATHS = NO;
				CLANG_ANALYZER_NONNULL = YES;
				CLANG_CXX_LANGUAGE_STANDARD = "gnu++0x";
				CLANG_CXX_LIBRARY = "libc++";
				CLANG_ENABLE_MODULES = YES;
				CLANG_ENABLE_OBJC_ARC = YES;
				CLANG_WARN_BOOL_CONVERSION = YES;
				CLANG_WARN_CONSTANT_CONVERSION = YES;
				CLANG_WARN_DIRECT_OBJC_ISA_USAGE = YES_ERROR;
				CLANG_WARN_DOCUMENTATION_COMMENTS = YES;
				CLANG_WARN_EMPTY_BODY = YES;
				CLANG_WARN_ENUM_CONVERSION = YES;
				CLANG_WARN_INFINITE_RECURSION = YES;
				CLANG_WARN_INT_CONVERSION = YES;
				CLANG_WARN_OBJC_ROOT_CLASS = YES_ERROR;
				CLANG_WARN_SUSPICIOUS_MOVE = YES;
				CLANG_WARN_UNREACHABLE_CODE = YES;
				CLANG_WARN__DUPLICATE_METHOD_MATCH = YES;
				"CODE_SIGN_IDENTITY[sdk=iphoneos*]" = "iPhone Developer";
				COPY_PHASE_STRIP = NO;
				DEBUG_INFORMATION_FORMAT = "dwarf-with-dsym";
				ENABLE_NS_ASSERTIONS = NO;
				ENABLE_STRICT_OBJC_MSGSEND = YES;
				GCC_C_LANGUAGE_STANDARD = gnu99;
				GCC_NO_COMMON_BLOCKS = YES;
				GCC_WARN_64_TO_32_BIT_CONVERSION = YES;
				GCC_WARN_ABOUT_RETURN_TYPE = YES_ERROR;
				GCC_WARN_UNDECLARED_SELECTOR = YES;
				GCC_WARN_UNINITIALIZED_AUTOS = YES_AGGRESSIVE;
				GCC_WARN_UNUSED_FUNCTION = YES;
				GCC_WARN_UNUSED_VARIABLE = YES;
				IPHONEOS_DEPLOYMENT_TARGET = 10.2;
				MTL_ENABLE_DEBUG_INFO = NO;
				SDKROOT = iphoneos;
				TARGETED_DEVICE_FAMILY = 2;
				VALIDATE_PRODUCT = YES;
			};
			name = Release;
		};
		115CC5F81F3CE80800C3CF03 /* Debug */ = {
			isa = XCBuildConfiguration;
			buildSettings = {
				ASSETCATALOG_COMPILER_APPICON_NAME = AppIcon;
				INFOPLIST_FILE = WavyCollectionViewLayout/Info.plist;
				LD_RUNPATH_SEARCH_PATHS = "$(inherited) @executable_path/Frameworks";
				PRODUCT_BUNDLE_IDENTIFIER = z.WavyCollectionViewLayout;
				PRODUCT_NAME = "$(TARGET_NAME)";
			};
			name = Debug;
		};
		115CC5F91F3CE80800C3CF03 /* Release */ = {
			isa = XCBuildConfiguration;
			buildSettings = {
				ASSETCATALOG_COMPILER_APPICON_NAME = AppIcon;
				INFOPLIST_FILE = WavyCollectionViewLayout/Info.plist;
				LD_RUNPATH_SEARCH_PATHS = "$(inherited) @executable_path/Frameworks";
				PRODUCT_BUNDLE_IDENTIFIER = z.WavyCollectionViewLayout;
				PRODUCT_NAME = "$(TARGET_NAME)";
			};
			name = Release;
		};
/* End XCBuildConfiguration section */

/* Begin XCConfigurationList section */
		115CC5DB1F3CE80800C3CF03 /* Build configuration list for PBXProject "WavyCollectionViewLayout" */ = {
			isa = XCConfigurationList;
			buildConfigurations = (
				115CC5F51F3CE80800C3CF03 /* Debug */,
				115CC5F61F3CE80800C3CF03 /* Release */,
			);
			defaultConfigurationIsVisible = 0;
			defaultConfigurationName = Release;
		};
		115CC5F71F3CE80800C3CF03 /* Build configuration list for PBXNativeTarget "WavyCollectionViewLayout" */ = {
			isa = XCConfigurationList;
			buildConfigurations = (
				115CC5F81F3CE80800C3CF03 /* Debug */,
				115CC5F91F3CE80800C3CF03 /* Release */,
			);
			defaultConfigurationIsVisible = 0;
		};
/* End XCConfigurationList section */
	};
	rootObject = 115CC5D81F3CE80800C3CF03 /* Project object */;
}
